{
  "R": {
    "Version": "4.4.2",
    "Repositories": [
      {
        "Name": "BioCcontainers",
        "URL": "https://bioconductor.org/packages/3.20/container-binaries/bioconductor_docker"
      },
      {
        "Name": "BioCsoft",
        "URL": "https://bioconductor.org/packages/3.20/bioc"
      },
      {
        "Name": "BioCann",
        "URL": "https://bioconductor.org/packages/3.20/data/annotation"
      },
      {
        "Name": "BioCexp",
        "URL": "https://bioconductor.org/packages/3.20/data/experiment"
      },
      {
        "Name": "BioCworkflows",
        "URL": "https://bioconductor.org/packages/3.20/workflows"
      },
      {
        "Name": "BioCbooks",
        "URL": "https://bioconductor.org/packages/3.20/books"
      },
      {
        "Name": "CRAN",
        "URL": "https://p3m.dev/cran/latest"
      },
      {
        "Name": "PPM",
        "URL": "https://p3m.dev/cran/latest"
      },
      {
        "Name": "RSPM",
        "URL": "https://p3m.dev/cran/latest"
      }
    ]
  },
  "Bioconductor": {
    "Version": "3.20"
  },
  "Packages": {
    "BiocManager": {
      "Package": "BiocManager",
      "Version": "1.30.26",
      "Source": "Repository",
      "Title": "Access the Bioconductor Project Package Repository",
      "Description": "A convenient tool to install and update Bioconductor packages.",
      "Authors@R": "c( person(\"Martin\", \"Morgan\", email = \"martin.morgan@roswellpark.org\", role = \"aut\", comment = c(ORCID = \"0000-0002-5874-8148\")), person(\"Marcel\", \"Ramos\", email = \"marcel.ramos@sph.cuny.edu\", role = c(\"aut\", \"cre\"), comment = c(ORCID = \"0000-0002-3242-0582\")))",
      "Imports": [
        "utils"
      ],
      "Suggests": [
        "BiocVersion",
        "BiocStyle",
        "remotes",
        "rmarkdown",
        "testthat",
        "withr",
        "curl",
        "knitr"
      ],
      "URL": "https://bioconductor.github.io/BiocManager/",
      "BugReports": "https://github.com/Bioconductor/BiocManager/issues",
      "VignetteBuilder": "knitr",
      "License": "Artistic-2.0",
      "Encoding": "UTF-8",
      "RoxygenNote": "7.3.2",
      "NeedsCompilation": "no",
      "Author": "Martin Morgan [aut] (ORCID: <https://orcid.org/0000-0002-5874-8148>), Marcel Ramos [aut, cre] (ORCID: <https://orcid.org/0000-0002-3242-0582>)",
      "Maintainer": "Marcel Ramos <marcel.ramos@sph.cuny.edu>",
      "Repository": "CRAN"
    },
    "R6": {
      "Package": "R6",
      "Version": "2.6.1",
      "Source": "Repository",
      "Title": "Encapsulated Classes with Reference Semantics",
      "Authors@R": "c( person(\"Winston\", \"Chang\", , \"winston@posit.co\", role = c(\"aut\", \"cre\")), person(\"Posit Software, PBC\", role = c(\"cph\", \"fnd\")) )",
      "Description": "Creates classes with reference semantics, similar to R's built-in reference classes. Compared to reference classes, R6 classes are simpler and lighter-weight, and they are not built on S4 classes so they do not require the methods package. These classes allow public and private members, and they support inheritance, even when the classes are defined in different packages.",
      "License": "MIT + file LICENSE",
      "URL": "https://r6.r-lib.org, https://github.com/r-lib/R6",
      "BugReports": "https://github.com/r-lib/R6/issues",
      "Depends": [
        "R (>= 3.6)"
      ],
      "Suggests": [
        "lobstr",
        "testthat (>= 3.0.0)"
      ],
      "Config/Needs/website": "tidyverse/tidytemplate, ggplot2, microbenchmark, scales",
      "Config/testthat/edition": "3",
      "Encoding": "UTF-8",
      "RoxygenNote": "7.3.2",
      "NeedsCompilation": "no",
      "Author": "Winston Chang [aut, cre], Posit Software, PBC [cph, fnd]",
      "Maintainer": "Winston Chang <winston@posit.co>",
      "Repository": "CRAN"
    },
    "cli": {
      "Package": "cli",
      "Version": "3.6.5",
      "Source": "Repository",
      "Title": "Helpers for Developing Command Line Interfaces",
      "Authors@R": "c( person(\"Gábor\", \"Csárdi\", , \"gabor@posit.co\", role = c(\"aut\", \"cre\")), person(\"Hadley\", \"Wickham\", role = \"ctb\"), person(\"Kirill\", \"Müller\", role = \"ctb\"), person(\"Salim\", \"Brüggemann\", , \"salim-b@pm.me\", role = \"ctb\", comment = c(ORCID = \"0000-0002-5329-5987\")), person(\"Posit Software, PBC\", role = c(\"cph\", \"fnd\")) )",
      "Description": "A suite of tools to build attractive command line interfaces ('CLIs'), from semantic elements: headings, lists, alerts, paragraphs, etc. Supports custom themes via a 'CSS'-like language. It also contains a number of lower level 'CLI' elements: rules, boxes, trees, and 'Unicode' symbols with 'ASCII' alternatives. It support ANSI colors and text styles as well.",
      "License": "MIT + file LICENSE",
      "URL": "https://cli.r-lib.org, https://github.com/r-lib/cli",
      "BugReports": "https://github.com/r-lib/cli/issues",
      "Depends": [
        "R (>= 3.4)"
      ],
      "Imports": [
        "utils"
      ],
      "Suggests": [
        "callr",
        "covr",
        "crayon",
        "digest",
        "glue (>= 1.6.0)",
        "grDevices",
        "htmltools",
        "htmlwidgets",
        "knitr",
        "methods",
        "processx",
        "ps (>= 1.3.4.9000)",
        "rlang (>= 1.0.2.9003)",
        "rmarkdown",
        "rprojroot",
        "rstudioapi",
        "testthat (>= 3.2.0)",
        "tibble",
        "whoami",
        "withr"
      ],
      "Config/Needs/website": "r-lib/asciicast, bench, brio, cpp11, decor, desc, fansi, prettyunits, sessioninfo, tidyverse/tidytemplate, usethis, vctrs",
      "Config/testthat/edition": "3",
      "Encoding": "UTF-8",
      "RoxygenNote": "7.3.2",
      "NeedsCompilation": "yes",
      "Author": "Gábor Csárdi [aut, cre], Hadley Wickham [ctb], Kirill Müller [ctb], Salim Brüggemann [ctb] (<https://orcid.org/0000-0002-5329-5987>), Posit Software, PBC [cph, fnd]",
      "Maintainer": "Gábor Csárdi <gabor@posit.co>",
      "Repository": "CRAN"
    },
    "desc": {
      "Package": "desc",
      "Version": "1.4.3",
      "Source": "Repository",
      "Title": "Manipulate DESCRIPTION Files",
      "Authors@R": "c( person(\"Gábor\", \"Csárdi\", , \"csardi.gabor@gmail.com\", role = c(\"aut\", \"cre\")), person(\"Kirill\", \"Müller\", role = \"aut\"), person(\"Jim\", \"Hester\", , \"james.f.hester@gmail.com\", role = \"aut\"), person(\"Maëlle\", \"Salmon\", role = \"ctb\", comment = c(ORCID = \"0000-0002-2815-0399\")), person(\"Posit Software, PBC\", role = c(\"cph\", \"fnd\")) )",
      "Maintainer": "Gábor Csárdi <csardi.gabor@gmail.com>",
      "Description": "Tools to read, write, create, and manipulate DESCRIPTION files.  It is intended for packages that create or manipulate other packages.",
      "License": "MIT + file LICENSE",
      "URL": "https://desc.r-lib.org/, https://github.com/r-lib/desc",
      "BugReports": "https://github.com/r-lib/desc/issues",
      "Depends": [
        "R (>= 3.4)"
      ],
      "Imports": [
        "cli",
        "R6",
        "utils"
      ],
      "Suggests": [
        "callr",
        "covr",
        "gh",
        "spelling",
        "testthat",
        "whoami",
        "withr"
      ],
      "Config/Needs/website": "tidyverse/tidytemplate",
      "Config/testthat/edition": "3",
      "Encoding": "UTF-8",
      "Language": "en-US",
      "RoxygenNote": "7.2.3",
      "Collate": "'assertions.R' 'authors-at-r.R' 'built.R' 'classes.R' 'collate.R' 'constants.R' 'deps.R' 'desc-package.R' 'description.R' 'encoding.R' 'find-package-root.R' 'latex.R' 'non-oo-api.R' 'package-archives.R' 'read.R' 'remotes.R' 'str.R' 'syntax_checks.R' 'urls.R' 'utils.R' 'validate.R' 'version.R'",
      "NeedsCompilation": "no",
      "Author": "Gábor Csárdi [aut, cre], Kirill Müller [aut], Jim Hester [aut], Maëlle Salmon [ctb] (<https://orcid.org/0000-0002-2815-0399>), Posit Software, PBC [cph, fnd]",
      "Repository": "RSPM"
    },
    "digest": {
      "Package": "digest",
      "Version": "0.6.37",
      "Source": "Repository",
      "Authors@R": "c(person(\"Dirk\", \"Eddelbuettel\", role = c(\"aut\", \"cre\"), email = \"edd@debian.org\", comment = c(ORCID = \"0000-0001-6419-907X\")), person(\"Antoine\", \"Lucas\", role=\"ctb\"), person(\"Jarek\", \"Tuszynski\", role=\"ctb\"), person(\"Henrik\", \"Bengtsson\", role=\"ctb\", comment = c(ORCID = \"0000-0002-7579-5165\")), person(\"Simon\", \"Urbanek\", role=\"ctb\", comment = c(ORCID = \"0000-0003-2297-1732\")), person(\"Mario\", \"Frasca\", role=\"ctb\"), person(\"Bryan\", \"Lewis\", role=\"ctb\"), person(\"Murray\", \"Stokely\", role=\"ctb\"), person(\"Hannes\", \"Muehleisen\", role=\"ctb\"), person(\"Duncan\", \"Murdoch\", role=\"ctb\"), person(\"Jim\", \"Hester\", role=\"ctb\"), person(\"Wush\", \"Wu\", role=\"ctb\", comment = c(ORCID = \"0000-0001-5180-0567\")), person(\"Qiang\", \"Kou\", role=\"ctb\", comment = c(ORCID = \"0000-0001-6786-5453\")), person(\"Thierry\", \"Onkelinx\", role=\"ctb\", comment = c(ORCID = \"0000-0001-8804-4216\")), person(\"Michel\", \"Lang\", role=\"ctb\", comment = c(ORCID = \"0000-0001-9754-0393\")), person(\"Viliam\", \"Simko\", role=\"ctb\"), person(\"Kurt\", \"Hornik\", role=\"ctb\", comment = c(ORCID = \"0000-0003-4198-9911\")), person(\"Radford\", \"Neal\", role=\"ctb\", comment = c(ORCID = \"0000-0002-2473-3407\")), person(\"Kendon\", \"Bell\", role=\"ctb\", comment = c(ORCID = \"0000-0002-9093-8312\")), person(\"Matthew\", \"de Queljoe\", role=\"ctb\"), person(\"Dmitry\", \"Selivanov\", role=\"ctb\"), person(\"Ion\", \"Suruceanu\", role=\"ctb\"), person(\"Bill\", \"Denney\", role=\"ctb\"), person(\"Dirk\", \"Schumacher\", role=\"ctb\"), person(\"András\", \"Svraka\", role=\"ctb\"), person(\"Sergey\", \"Fedorov\", role=\"ctb\"), person(\"Will\", \"Landau\", role=\"ctb\", comment = c(ORCID = \"0000-0003-1878-3253\")), person(\"Floris\", \"Vanderhaeghe\", role=\"ctb\", comment = c(ORCID = \"0000-0002-6378-6229\")), person(\"Kevin\", \"Tappe\", role=\"ctb\"), person(\"Harris\", \"McGehee\", role=\"ctb\"), person(\"Tim\", \"Mastny\", role=\"ctb\"), person(\"Aaron\", \"Peikert\", role=\"ctb\", comment = c(ORCID = \"0000-0001-7813-818X\")), person(\"Mark\", \"van der Loo\", role=\"ctb\", comment = c(ORCID = \"0000-0002-9807-4686\")), person(\"Chris\", \"Muir\", role=\"ctb\", comment = c(ORCID = \"0000-0003-2555-3878\")), person(\"Moritz\", \"Beller\", role=\"ctb\", comment = c(ORCID = \"0000-0003-4852-0526\")), person(\"Sebastian\", \"Campbell\", role=\"ctb\"), person(\"Winston\", \"Chang\", role=\"ctb\", comment = c(ORCID = \"0000-0002-1576-2126\")), person(\"Dean\", \"Attali\", role=\"ctb\", comment = c(ORCID = \"0000-0002-5645-3493\")), person(\"Michael\", \"Chirico\", role=\"ctb\", comment = c(ORCID = \"0000-0003-0787-087X\")), person(\"Kevin\", \"Ushey\", role=\"ctb\"))",
      "Date": "2024-08-19",
      "Title": "Create Compact Hash Digests of R Objects",
      "Description": "Implementation of a function 'digest()' for the creation of hash digests of arbitrary R objects (using the 'md5', 'sha-1', 'sha-256', 'crc32', 'xxhash', 'murmurhash', 'spookyhash', 'blake3', 'crc32c', 'xxh3_64', and 'xxh3_128' algorithms) permitting easy comparison of R language objects, as well as functions such as'hmac()' to create hash-based message authentication code. Please note that this package is not meant to be deployed for cryptographic purposes for which more comprehensive (and widely tested) libraries such as 'OpenSSL' should be used.",
      "URL": "https://github.com/eddelbuettel/digest, https://dirk.eddelbuettel.com/code/digest.html",
      "BugReports": "https://github.com/eddelbuettel/digest/issues",
      "Depends": [
        "R (>= 3.3.0)"
      ],
      "Imports": [
        "utils"
      ],
      "License": "GPL (>= 2)",
      "Suggests": [
        "tinytest",
        "simplermarkdown"
      ],
      "VignetteBuilder": "simplermarkdown",
      "Encoding": "UTF-8",
      "NeedsCompilation": "yes",
      "Author": "Dirk Eddelbuettel [aut, cre] (<https://orcid.org/0000-0001-6419-907X>), Antoine Lucas [ctb], Jarek Tuszynski [ctb], Henrik Bengtsson [ctb] (<https://orcid.org/0000-0002-7579-5165>), Simon Urbanek [ctb] (<https://orcid.org/0000-0003-2297-1732>), Mario Frasca [ctb], Bryan Lewis [ctb], Murray Stokely [ctb], Hannes Muehleisen [ctb], Duncan Murdoch [ctb], Jim Hester [ctb], Wush Wu [ctb] (<https://orcid.org/0000-0001-5180-0567>), Qiang Kou [ctb] (<https://orcid.org/0000-0001-6786-5453>), Thierry Onkelinx [ctb] (<https://orcid.org/0000-0001-8804-4216>), Michel Lang [ctb] (<https://orcid.org/0000-0001-9754-0393>), Viliam Simko [ctb], Kurt Hornik [ctb] (<https://orcid.org/0000-0003-4198-9911>), Radford Neal [ctb] (<https://orcid.org/0000-0002-2473-3407>), Kendon Bell [ctb] (<https://orcid.org/0000-0002-9093-8312>), Matthew de Queljoe [ctb], Dmitry Selivanov [ctb], Ion Suruceanu [ctb], Bill Denney [ctb], Dirk Schumacher [ctb], András Svraka [ctb], Sergey Fedorov [ctb], Will Landau [ctb] (<https://orcid.org/0000-0003-1878-3253>), Floris Vanderhaeghe [ctb] (<https://orcid.org/0000-0002-6378-6229>), Kevin Tappe [ctb], Harris McGehee [ctb], Tim Mastny [ctb], Aaron Peikert [ctb] (<https://orcid.org/0000-0001-7813-818X>), Mark van der Loo [ctb] (<https://orcid.org/0000-0002-9807-4686>), Chris Muir [ctb] (<https://orcid.org/0000-0003-2555-3878>), Moritz Beller [ctb] (<https://orcid.org/0000-0003-4852-0526>), Sebastian Campbell [ctb], Winston Chang [ctb] (<https://orcid.org/0000-0002-1576-2126>), Dean Attali [ctb] (<https://orcid.org/0000-0002-5645-3493>), Michael Chirico [ctb] (<https://orcid.org/0000-0003-0787-087X>), Kevin Ushey [ctb]",
      "Maintainer": "Dirk Eddelbuettel <edd@debian.org>",
      "Repository": "RSPM"
    },
    "fs": {
      "Package": "fs",
      "Version": "1.6.6",
      "Source": "Repository",
      "Title": "Cross-Platform File System Operations Based on 'libuv'",
      "Authors@R": "c( person(\"Jim\", \"Hester\", role = \"aut\"), person(\"Hadley\", \"Wickham\", , \"hadley@posit.co\", role = \"aut\"), person(\"Gábor\", \"Csárdi\", , \"csardi.gabor@gmail.com\", role = c(\"aut\", \"cre\")), person(\"libuv project contributors\", role = \"cph\", comment = \"libuv library\"), person(\"Joyent, Inc. and other Node contributors\", role = \"cph\", comment = \"libuv library\"), person(\"Posit Software, PBC\", role = c(\"cph\", \"fnd\")) )",
      "Description": "A cross-platform interface to file system operations, built on top of the 'libuv' C library.",
      "License": "MIT + file LICENSE",
      "URL": "https://fs.r-lib.org, https://github.com/r-lib/fs",
      "BugReports": "https://github.com/r-lib/fs/issues",
      "Depends": [
        "R (>= 3.6)"
      ],
      "Imports": [
        "methods"
      ],
      "Suggests": [
        "covr",
        "crayon",
        "knitr",
        "pillar (>= 1.0.0)",
        "rmarkdown",
        "spelling",
        "testthat (>= 3.0.0)",
        "tibble (>= 1.1.0)",
        "vctrs (>= 0.3.0)",
        "withr"
      ],
      "VignetteBuilder": "knitr",
      "ByteCompile": "true",
      "Config/Needs/website": "tidyverse/tidytemplate",
      "Config/testthat/edition": "3",
      "Copyright": "file COPYRIGHTS",
      "Encoding": "UTF-8",
      "Language": "en-US",
      "RoxygenNote": "7.2.3",
      "SystemRequirements": "GNU make",
      "NeedsCompilation": "yes",
      "Author": "Jim Hester [aut], Hadley Wickham [aut], Gábor Csárdi [aut, cre], libuv project contributors [cph] (libuv library), Joyent, Inc. and other Node contributors [cph] (libuv library), Posit Software, PBC [cph, fnd]",
      "Maintainer": "Gábor Csárdi <csardi.gabor@gmail.com>",
      "Repository": "CRAN"
    },
    "gitcreds": {
      "Package": "gitcreds",
      "Version": "0.1.2",
      "Source": "Repository",
      "Title": "Query 'git' Credentials from 'R'",
      "Authors@R": "c( person(\"Gábor\", \"Csárdi\", , \"csardi.gabor@gmail.com\", role = c(\"aut\", \"cre\")), person(\"RStudio\", role = c(\"cph\", \"fnd\")) )",
      "Description": "Query, set, delete credentials from the 'git' credential store. Manage 'GitHub' tokens and other 'git' credentials. This package is to be used by other packages that need to authenticate to 'GitHub' and/or other 'git' repositories.",
      "License": "MIT + file LICENSE",
      "URL": "https://gitcreds.r-lib.org/, https://github.com/r-lib/gitcreds",
      "BugReports": "https://github.com/r-lib/gitcreds/issues",
      "Depends": [
        "R (>= 3.4)"
      ],
      "Suggests": [
        "codetools",
        "covr",
        "knitr",
        "mockery",
        "oskeyring",
        "rmarkdown",
        "testthat (>= 3.0.0)",
        "withr"
      ],
      "VignetteBuilder": "knitr",
      "Config/Needs/website": "tidyverse/tidytemplate",
      "Encoding": "UTF-8",
      "RoxygenNote": "7.2.1.9000",
      "SystemRequirements": "git",
      "Config/testthat/edition": "3",
      "NeedsCompilation": "no",
      "Author": "Gábor Csárdi [aut, cre], RStudio [cph, fnd]",
      "Maintainer": "Gábor Csárdi <csardi.gabor@gmail.com>",
      "Repository": "RSPM"
    },
    "jsonlite": {
      "Package": "jsonlite",
      "Version": "2.0.0",
      "Source": "Repository",
      "Title": "A Simple and Robust JSON Parser and Generator for R",
      "License": "MIT + file LICENSE",
      "Depends": [
        "methods"
      ],
      "Authors@R": "c( person(\"Jeroen\", \"Ooms\", role = c(\"aut\", \"cre\"), email = \"jeroenooms@gmail.com\", comment = c(ORCID = \"0000-0002-4035-0289\")), person(\"Duncan\", \"Temple Lang\", role = \"ctb\"), person(\"Lloyd\", \"Hilaiel\", role = \"cph\", comment=\"author of bundled libyajl\"))",
      "URL": "https://jeroen.r-universe.dev/jsonlite https://arxiv.org/abs/1403.2805",
      "BugReports": "https://github.com/jeroen/jsonlite/issues",
      "Maintainer": "Jeroen Ooms <jeroenooms@gmail.com>",
      "VignetteBuilder": "knitr, R.rsp",
      "Description": "A reasonably fast JSON parser and generator, optimized for statistical  data and the web. Offers simple, flexible tools for working with JSON in R, and is particularly powerful for building pipelines and interacting with a web API.  The implementation is based on the mapping described in the vignette (Ooms, 2014). In addition to converting JSON data from/to R objects, 'jsonlite' contains  functions to stream, validate, and prettify JSON data. The unit tests included  with the package verify that all edge cases are encoded and decoded consistently  for use with dynamic data in systems and applications.",
      "Suggests": [
        "httr",
        "vctrs",
        "testthat",
        "knitr",
        "rmarkdown",
        "R.rsp",
        "sf"
      ],
      "RoxygenNote": "7.3.2",
      "Encoding": "UTF-8",
      "NeedsCompilation": "yes",
      "Author": "Jeroen Ooms [aut, cre] (<https://orcid.org/0000-0002-4035-0289>), Duncan Temple Lang [ctb], Lloyd Hilaiel [cph] (author of bundled libyajl)",
      "Repository": "CRAN"
    },
    "renv": {
      "Package": "renv",
      "Version": "1.1.4",
      "Source": "Repository",
      "Type": "Package",
      "Title": "Project Environments",
      "Authors@R": "c( person(\"Kevin\", \"Ushey\", role = c(\"aut\", \"cre\"), email = \"kevin@rstudio.com\", comment = c(ORCID = \"0000-0003-2880-7407\")), person(\"Hadley\", \"Wickham\", role = c(\"aut\"), email = \"hadley@rstudio.com\", comment = c(ORCID = \"0000-0003-4757-117X\")), person(\"Posit Software, PBC\", role = c(\"cph\", \"fnd\")) )",
      "Description": "A dependency management toolkit for R. Using 'renv', you can create and manage project-local R libraries, save the state of these libraries to a 'lockfile', and later restore your library as required. Together, these tools can help make your projects more isolated, portable, and reproducible.",
      "License": "MIT + file LICENSE",
      "URL": "https://rstudio.github.io/renv/, https://github.com/rstudio/renv",
      "BugReports": "https://github.com/rstudio/renv/issues",
      "Imports": [
        "utils"
      ],
      "Suggests": [
        "BiocManager",
        "cli",
        "compiler",
        "covr",
        "cpp11",
        "devtools",
        "gitcreds",
        "jsonlite",
        "jsonvalidate",
        "knitr",
        "miniUI",
        "modules",
        "packrat",
        "pak",
        "R6",
        "remotes",
        "reticulate",
        "rmarkdown",
        "rstudioapi",
        "shiny",
        "testthat",
        "uuid",
        "waldo",
        "yaml",
        "webfakes"
      ],
      "Encoding": "UTF-8",
      "RoxygenNote": "7.3.2",
      "VignetteBuilder": "knitr",
      "Config/Needs/website": "tidyverse/tidytemplate",
      "Config/testthat/edition": "3",
      "Config/testthat/parallel": "true",
      "Config/testthat/start-first": "bioconductor,python,install,restore,snapshot,retrieve,remotes",
      "NeedsCompilation": "no",
      "Author": "Kevin Ushey [aut, cre] (<https://orcid.org/0000-0003-2880-7407>), Hadley Wickham [aut] (<https://orcid.org/0000-0003-4757-117X>), Posit Software, PBC [cph, fnd]",
      "Maintainer": "Kevin Ushey <kevin@rstudio.com>",
      "Repository": "CRAN"
    },
    "rprojroot": {
      "Package": "rprojroot",
      "Version": "2.1.1",
      "Source": "Repository",
      "Title": "Finding Files in Project Subdirectories",
      "Authors@R": "person(given = \"Kirill\", family = \"M\\u00fcller\", role = c(\"aut\", \"cre\"), email = \"kirill@cynkra.com\", comment = c(ORCID = \"0000-0002-1416-3412\"))",
      "Description": "Robust, reliable and flexible paths to files below a project root. The 'root' of a project is defined as a directory that matches a certain criterion, e.g., it contains a certain regular file.",
      "License": "MIT + file LICENSE",
      "URL": "https://rprojroot.r-lib.org/, https://github.com/r-lib/rprojroot",
      "BugReports": "https://github.com/r-lib/rprojroot/issues",
      "Depends": [
        "R (>= 3.0.0)"
      ],
      "Suggests": [
        "covr",
        "knitr",
        "lifecycle",
        "rlang",
        "rmarkdown",
        "testthat (>= 3.2.0)",
        "withr"
      ],
      "VignetteBuilder": "knitr",
      "Config/testthat/edition": "3",
      "Encoding": "UTF-8",
      "RoxygenNote": "7.3.2.9000",
      "Config/autostyle/scope": "line_breaks",
      "Config/autostyle/strict": "true",
      "Config/Needs/website": "tidyverse/tidytemplate",
      "NeedsCompilation": "no",
      "Author": "Kirill Müller [aut, cre] (ORCID: <https://orcid.org/0000-0002-1416-3412>)",
      "Maintainer": "Kirill Müller <kirill@cynkra.com>",
      "Repository": "CRAN"
    },
    "yaml": {
      "Package": "yaml",
      "Version": "2.3.10",
      "Source": "Repository",
      "Type": "Package",
      "Title": "Methods to Convert R Data to YAML and Back",
      "Date": "2024-07-22",
      "Suggests": [
        "RUnit"
      ],
      "Author": "Shawn P Garbett [aut], Jeremy Stephens [aut, cre], Kirill Simonov [aut], Yihui Xie [ctb], Zhuoer Dong [ctb], Hadley Wickham [ctb], Jeffrey Horner [ctb], reikoch [ctb], Will Beasley [ctb], Brendan O'Connor [ctb], Gregory R. Warnes [ctb], Michael Quinn [ctb], Zhian N. Kamvar [ctb], Charlie Gao [ctb]",
      "Maintainer": "Shawn Garbett <shawn.garbett@vumc.org>",
      "License": "BSD_3_clause + file LICENSE",
      "Description": "Implements the 'libyaml' 'YAML' 1.1 parser and emitter (<https://pyyaml.org/wiki/LibYAML>) for R.",
      "URL": "https://github.com/vubiostat/r-yaml/",
      "BugReports": "https://github.com/vubiostat/r-yaml/issues",
      "NeedsCompilation": "yes",
      "Repository": "RSPM",
      "Encoding": "UTF-8"
    }
  }
}
